
Microsoft Visual Studio Solution File, Format Version 12.00
# Visual Studio Version 17
VisualStudioVersion = 17.6.33815.320
MinimumVisualStudioVersion = 10.0.40219.1
Project("{FAE04EC0-301F-11D3-BF4B-00C04F79EFBC}") = "CarRentalProject", "CarRental\CarRentalProject.csproj", "{D98E9CE5-A32A-4C19-A185-628128A6CFFF}"
EndProject
Global
	GlobalSection(SolutionConfigurationPlatforms) = preSolution
		Debug|Any CPU = Debug|Any CPU
		Release|Any CPU = Release|Any CPU
	EndGlobalSection
	GlobalSection(ProjectConfigurationPlatforms) = postSolution
		{D98E9CE5-A32A-4C19-A185-628128A6CFFF}.Debug|Any CPU.ActiveCfg = Debug|Any CPU
		{D98E9CE5-A32A-4C19-A185-628128A6CFFF}.Debug|Any CPU.Build.0 = Debug|Any CPU
		{D98E9CE5-A32A-4C19-A185-628128A6CFFF}.Release|Any CPU.ActiveCfg = Release|Any CPU
		{D98E9CE5-A32A-4C19-A185-628128A6CFFF}.Release|Any CPU.Build.0 = Release|Any CPU
	EndGlobalSection
	GlobalSection(SolutionProperties) = preSolution
		HideSolutionNode = FALSE
	EndGlobalSection
	GlobalSection(ExtensibilityGlobals) = postSolution
		SolutionGuid = {EFD2D4DE-1D69-460D-8BF8-02CAC8CE9450}
	EndGlobalSection
EndGlobal
