
Microsoft Visual Studio Solution File, Format Version 12.00
# Visual Studio Version 17
VisualStudioVersion = 17.6.33815.320
MinimumVisualStudioVersion = 10.0.40219.1
Project("{FAE04EC0-301F-11D3-BF4B-00C04F79EFBC}") = "SalesWebMvc", "SalesWebMvc\SalesWebMvc.csproj", "{1FB6B43A-51D0-4875-9AD7-166E8301C596}"
EndProject
Global
	GlobalSection(SolutionConfigurationPlatforms) = preSolution
		Debug|Any CPU = Debug|Any CPU
		Release|Any CPU = Release|Any CPU
	EndGlobalSection
	GlobalSection(ProjectConfigurationPlatforms) = postSolution
		{1FB6B43A-51D0-4875-9AD7-166E8301C596}.Debug|Any CPU.ActiveCfg = Debug|Any CPU
		{1FB6B43A-51D0-4875-9AD7-166E8301C596}.Debug|Any CPU.Build.0 = Debug|Any CPU
		{1FB6B43A-51D0-4875-9AD7-166E8301C596}.Release|Any CPU.ActiveCfg = Release|Any CPU
		{1FB6B43A-51D0-4875-9AD7-166E8301C596}.Release|Any CPU.Build.0 = Release|Any CPU
	EndGlobalSection
	GlobalSection(SolutionProperties) = preSolution
		HideSolutionNode = FALSE
	EndGlobalSection
	GlobalSection(ExtensibilityGlobals) = postSolution
		SolutionGuid = {88746AE8-4A1A-46BA-8507-9482EE1F7163}
	EndGlobalSection
EndGlobal
