
Microsoft Visual Studio Solution File, Format Version 12.00
# Visual Studio Version 17
VisualStudioVersion = 17.6.33815.320
MinimumVisualStudioVersion = 10.0.40219.1
Project("{FAE04EC0-301F-11D3-BF4B-00C04F79EFBC}") = "ExercicioPropostoConjuntos", "ExercicioPropostoConjuntos.csproj", "{D782E0ED-8523-4D64-B024-105B020963C5}"
EndProject
Global
	GlobalSection(SolutionConfigurationPlatforms) = preSolution
		Debug|Any CPU = Debug|Any CPU
		Release|Any CPU = Release|Any CPU
	EndGlobalSection
	GlobalSection(ProjectConfigurationPlatforms) = postSolution
		{D782E0ED-8523-4D64-B024-105B020963C5}.Debug|Any CPU.ActiveCfg = Debug|Any CPU
		{D782E0ED-8523-4D64-B024-105B020963C5}.Debug|Any CPU.Build.0 = Debug|Any CPU
		{D782E0ED-8523-4D64-B024-105B020963C5}.Release|Any CPU.ActiveCfg = Release|Any CPU
		{D782E0ED-8523-4D64-B024-105B020963C5}.Release|Any CPU.Build.0 = Release|Any CPU
	EndGlobalSection
	GlobalSection(SolutionProperties) = preSolution
		HideSolutionNode = FALSE
	EndGlobalSection
	GlobalSection(ExtensibilityGlobals) = postSolution
		SolutionGuid = {A867939F-2CC7-4315-8A4B-058A597269FC}
	EndGlobalSection
EndGlobal
