
Microsoft Visual Studio Solution File, Format Version 12.00
# Visual Studio Version 17
VisualStudioVersion = 17.6.33815.320
MinimumVisualStudioVersion = 10.0.40219.1
Project("{FAE04EC0-301F-11D3-BF4B-00C04F79EFBC}") = "FileFileInfo", "FileFileInfo\FileFileInfo.csproj", "{18D8E440-FE36-45EA-B752-6065AF260AEC}"
EndProject
Global
	GlobalSection(SolutionConfigurationPlatforms) = preSolution
		Debug|Any CPU = Debug|Any CPU
		Release|Any CPU = Release|Any CPU
	EndGlobalSection
	GlobalSection(ProjectConfigurationPlatforms) = postSolution
		{18D8E440-FE36-45EA-B752-6065AF260AEC}.Debug|Any CPU.ActiveCfg = Debug|Any CPU
		{18D8E440-FE36-45EA-B752-6065AF260AEC}.Debug|Any CPU.Build.0 = Debug|Any CPU
		{18D8E440-FE36-45EA-B752-6065AF260AEC}.Release|Any CPU.ActiveCfg = Release|Any CPU
		{18D8E440-FE36-45EA-B752-6065AF260AEC}.Release|Any CPU.Build.0 = Release|Any CPU
	EndGlobalSection
	GlobalSection(SolutionProperties) = preSolution
		HideSolutionNode = FALSE
	EndGlobalSection
	GlobalSection(ExtensibilityGlobals) = postSolution
		SolutionGuid = {3F3173D1-0013-40D9-B5BE-66C44778E0D1}
	EndGlobalSection
EndGlobal
