
Microsoft Visual Studio Solution File, Format Version 12.00
# Visual Studio Version 17
VisualStudioVersion = 17.6.33815.320
MinimumVisualStudioVersion = 10.0.40219.1
Project("{FAE04EC0-301F-11D3-BF4B-00C04F79EFBC}") = "ExercicioFixacao", "ExercicioFixacao.csproj", "{951D7B8E-7D42-4FE7-9D22-011858403947}"
EndProject
Global
	GlobalSection(SolutionConfigurationPlatforms) = preSolution
		Debug|Any CPU = Debug|Any CPU
		Release|Any CPU = Release|Any CPU
	EndGlobalSection
	GlobalSection(ProjectConfigurationPlatforms) = postSolution
		{951D7B8E-7D42-4FE7-9D22-011858403947}.Debug|Any CPU.ActiveCfg = Debug|Any CPU
		{951D7B8E-7D42-4FE7-9D22-011858403947}.Debug|Any CPU.Build.0 = Debug|Any CPU
		{951D7B8E-7D42-4FE7-9D22-011858403947}.Release|Any CPU.ActiveCfg = Release|Any CPU
		{951D7B8E-7D42-4FE7-9D22-011858403947}.Release|Any CPU.Build.0 = Release|Any CPU
	EndGlobalSection
	GlobalSection(SolutionProperties) = preSolution
		HideSolutionNode = FALSE
	EndGlobalSection
	GlobalSection(ExtensibilityGlobals) = postSolution
		SolutionGuid = {D10F96C1-4380-4865-BEEB-35AF80D34DF1}
	EndGlobalSection
EndGlobal
